
Microsoft Visual Studio Solution File, Format Version 12.00
# Visual Studio Version 17
VisualStudioVersion = 17.8.34330.188
MinimumVisualStudioVersion = 10.0.40219.1
Project("{9A19103F-16F7-4668-BE54-9A1E7A4F7556}") = "shopweb.client", "shopweb.client\shopweb.client.csproj", "{824F66A3-0BB2-4622-A182-8AE574086974}"
EndProject
Global
	GlobalSection(SolutionConfigurationPlatforms) = preSolution
		Debug|Any CPU = Debug|Any CPU
		Release|Any CPU = Release|Any CPU
	EndGlobalSection
	GlobalSection(ProjectConfigurationPlatforms) = postSolution
		{824F66A3-0BB2-4622-A182-8AE574086974}.Debug|Any CPU.ActiveCfg = Debug|Any CPU
		{824F66A3-0BB2-4622-A182-8AE574086974}.Debug|Any CPU.Build.0 = Debug|Any CPU
		{824F66A3-0BB2-4622-A182-8AE574086974}.Release|Any CPU.ActiveCfg = Release|Any CPU
		{824F66A3-0BB2-4622-A182-8AE574086974}.Release|Any CPU.Build.0 = Release|Any CPU
	EndGlobalSection
	GlobalSection(SolutionProperties) = preSolution
		HideSolutionNode = FALSE
	EndGlobalSection
	GlobalSection(ExtensibilityGlobals) = postSolution
		SolutionGuid = {86B43CA5-A3D6-47DF-AD3A-6420245D4D74}
	EndGlobalSection
EndGlobal
